
Microsoft Visual Studio Solution File, Format Version 12.00
Project("{FAE04EC0-301F-11D3-BF4B-00C04F79EFBC}") = "SpeakUp.UserService", "SpeakUp.UserService\SpeakUp.UserService.csproj", "{511D5111-E98E-48EE-8C39-561247CFE452}"
EndProject
Global
	GlobalSection(SolutionConfigurationPlatforms) = preSolution
		Debug|Any CPU = Debug|Any CPU
		Release|Any CPU = Release|Any CPU
	EndGlobalSection
	GlobalSection(ProjectConfigurationPlatforms) = postSolution
		{511D5111-E98E-48EE-8C39-561247CFE452}.Debug|Any CPU.ActiveCfg = Debug|Any CPU
		{511D5111-E98E-48EE-8C39-561247CFE452}.Debug|Any CPU.Build.0 = Debug|Any CPU
		{511D5111-E98E-48EE-8C39-561247CFE452}.Release|Any CPU.ActiveCfg = Release|Any CPU
		{511D5111-E98E-48EE-8C39-561247CFE452}.Release|Any CPU.Build.0 = Release|Any CPU
	EndGlobalSection
EndGlobal
